// !$*UTF8*$!
{
	archiveVersion = 1;
	classes = {
	};
	objectVersion = 77;
	objects = {

/* Begin PBXContainerItemProxy section */
		565A4A142E87AE7D003D4F39 /* PBXContainerItemProxy */ = {
			isa = PBXContainerItemProxy;
			containerPortal = 565A49FA2E87AE7B003D4F39 /* Project object */;
			proxyType = 1;
			remoteGlobalIDString = 565A4A012E87AE7B003D4F39;
			remoteInfo = MeagainstWho;
		};
		565A4A1E2E87AE7D003D4F39 /* PBXContainerItemProxy */ = {
			isa = PBXContainerItemProxy;
			containerPortal = 565A49FA2E87AE7B003D4F39 /* Project object */;
			proxyType = 1;
			remoteGlobalIDString = 565A4A012E87AE7B003D4F39;
			remoteInfo = MeagainstWho;
		};
/* End PBXContainerItemProxy section */

/* Begin PBXFileReference section */
		565A4A022E87AE7B003D4F39 /* MeagainstWho.app */ = {isa = PBXFileReference; explicitFileType = wrapper.application; includeInIndex = 0; path = MeagainstWho.app; sourceTree = BUILT_PRODUCTS_DIR; };
		565A4A132E87AE7D003D4F39 /* MeagainstWhoTests.xctest */ = {isa = PBXFileReference; explicitFileType = wrapper.cfbundle; includeInIndex = 0; path = MeagainstWhoTests.xctest; sourceTree = BUILT_PRODUCTS_DIR; };
		565A4A1D2E87AE7D003D4F39 /* MeagainstWhoUITests.xctest */ = {isa = PBXFileReference; explicitFileType = wrapper.cfbundle; includeInIndex = 0; path = MeagainstWhoUITests.xctest; sourceTree = BUILT_PRODUCTS_DIR; };
/* End PBXFileReference section */

/* Begin PBXFileSystemSynchronizedBuildFileExceptionSet section */
		565A4A252E87AE7D003D4F39 /* Exceptions for "MeagainstWho" folder in "MeagainstWho" target */ = {
			isa = PBXFileSystemSynchronizedBuildFileExceptionSet;
			membershipExceptions = (
				Info.plist,
			);
			target = 565A4A012E87AE7B003D4F39 /* MeagainstWho */;
		};
/* End PBXFileSystemSynchronizedBuildFileExceptionSet section */

/* Begin PBXFileSystemSynchronizedRootGroup section */
		565A4A042E87AE7B003D4F39 /* MeagainstWho */ = {
			isa = PBXFileSystemSynchronizedRootGroup;
			exceptions = (
				565A4A252E87AE7D003D4F39 /* Exceptions for "MeagainstWho" folder in "MeagainstWho" target */,
			);
			path = MeagainstWho;
			sourceTree = "<group>";
		};
		565A4A162E87AE7D003D4F39 /* MeagainstWhoTests */ = {
			isa = PBXFileSystemSynchronizedRootGroup;
			path = MeagainstWhoTests;
			sourceTree = "<group>";
		};
		565A4A202E87AE7D003D4F39 /* MeagainstWhoUITests */ = {
			isa = PBXFileSystemSynchronizedRootGroup;
			path = MeagainstWhoUITests;
			sourceTree = "<group>";
		};
/* End PBXFileSystemSynchronizedRootGroup section */

/* Begin PBXFrameworksBuildPhase section */
		565A49FF2E87AE7B003D4F39 /* Frameworks */ = {
			isa = PBXFrameworksBuildPhase;
			buildActionMask = 2147483647;
			files = (
			);
			runOnlyForDeploymentPostprocessing = 0;
		};
		565A4A102E87AE7D003D4F39 /* Frameworks */ = {
			isa = PBXFrameworksBuildPhase;
			buildActionMask = 2147483647;
			files = (
			);
			runOnlyForDeploymentPostprocessing = 0;
		};
		565A4A1A2E87AE7D003D4F39 /* Frameworks */ = {
			isa = PBXFrameworksBuildPhase;
			buildActionMask = 2147483647;
			files = (
			);
			runOnlyForDeploymentPostprocessing = 0;
		};
/* End PBXFrameworksBuildPhase section */

/* Begin PBXGroup section */
		565A49F92E87AE7B003D4F39 = {
			isa = PBXGroup;
			children = (
				565A4A042E87AE7B003D4F39 /* MeagainstWho */,
				565A4A162E87AE7D003D4F39 /* MeagainstWhoTests */,
				565A4A202E87AE7D003D4F39 /* MeagainstWhoUITests */,
				565A4A032E87AE7B003D4F39 /* Products */,
			);
			sourceTree = "<group>";
		};
		565A4A032E87AE7B003D4F39 /* Products */ = {
			isa = PBXGroup;
			children = (
				565A4A022E87AE7B003D4F39 /* MeagainstWho.app */,
				565A4A132E87AE7D003D4F39 /* MeagainstWhoTests.xctest */,
				565A4A1D2E87AE7D003D4F39 /* MeagainstWhoUITests.xctest */,
			);
			name = Products;
			sourceTree = "<group>";
		};
/* End PBXGroup section */

/* Begin PBXNativeTarget section */
		565A4A012E87AE7B003D4F39 /* MeagainstWho */ = {
			isa = PBXNativeTarget;
			buildConfigurationList = 565A4A262E87AE7D003D4F39 /* Build configuration list for PBXNativeTarget "MeagainstWho" */;
			buildPhases = (
				565A49FE2E87AE7B003D4F39 /* Sources */,
				565A49FF2E87AE7B003D4F39 /* Frameworks */,
				565A4A002E87AE7B003D4F39 /* Resources */,
			);
			buildRules = (
			);
			dependencies = (
			);
			fileSystemSynchronizedGroups = (
				565A4A042E87AE7B003D4F39 /* MeagainstWho */,
			);
			name = MeagainstWho;
			packageProductDependencies = (
			);
			productName = MeagainstWho;
			productReference = 565A4A022E87AE7B003D4F39 /* MeagainstWho.app */;
			productType = "com.apple.product-type.application";
		};
		565A4A122E87AE7D003D4F39 /* MeagainstWhoTests */ = {
			isa = PBXNativeTarget;
			buildConfigurationList = 565A4A2B2E87AE7D003D4F39 /* Build configuration list for PBXNativeTarget "MeagainstWhoTests" */;
			buildPhases = (
				565A4A0F2E87AE7D003D4F39 /* Sources */,
				565A4A102E87AE7D003D4F39 /* Frameworks */,
				565A4A112E87AE7D003D4F39 /* Resources */,
			);
			buildRules = (
			);
			dependencies = (
				565A4A152E87AE7D003D4F39 /* PBXTargetDependency */,
			);
			fileSystemSynchronizedGroups = (
				565A4A162E87AE7D003D4F39 /* MeagainstWhoTests */,
			);
			name = MeagainstWhoTests;
			packageProductDependencies = (
			);
			productName = MeagainstWhoTests;
			productReference = 565A4A132E87AE7D003D4F39 /* MeagainstWhoTests.xctest */;
			productType = "com.apple.product-type.bundle.unit-test";
		};
		565A4A1C2E87AE7D003D4F39 /* MeagainstWhoUITests */ = {
			isa = PBXNativeTarget;
			buildConfigurationList = 565A4A2E2E87AE7D003D4F39 /* Build configuration list for PBXNativeTarget "MeagainstWhoUITests" */;
			buildPhases = (
				565A4A192E87AE7D003D4F39 /* Sources */,
				565A4A1A2E87AE7D003D4F39 /* Frameworks */,
				565A4A1B2E87AE7D003D4F39 /* Resources */,
			);
			buildRules = (
			);
			dependencies = (
				565A4A1F2E87AE7D003D4F39 /* PBXTargetDependency */,
			);
			fileSystemSynchronizedGroups = (
				565A4A202E87AE7D003D4F39 /* MeagainstWhoUITests */,
			);
			name = MeagainstWhoUITests;
			packageProductDependencies = (
			);
			productName = MeagainstWhoUITests;
			productReference = 565A4A1D2E87AE7D003D4F39 /* MeagainstWhoUITests.xctest */;
			productType = "com.apple.product-type.bundle.ui-testing";
		};
/* End PBXNativeTarget section */

/* Begin PBXProject section */
		565A49FA2E87AE7B003D4F39 /* Project object */ = {
			isa = PBXProject;
			attributes = {
				BuildIndependentTargetsInParallel = 1;
				LastSwiftUpdateCheck = 2600;
				LastUpgradeCheck = 2600;
				TargetAttributes = {
					565A4A012E87AE7B003D4F39 = {
						CreatedOnToolsVersion = 26.0.1;
					};
					565A4A122E87AE7D003D4F39 = {
						CreatedOnToolsVersion = 26.0.1;
						TestTargetID = 565A4A012E87AE7B003D4F39;
					};
					565A4A1C2E87AE7D003D4F39 = {
						CreatedOnToolsVersion = 26.0.1;
						TestTargetID = 565A4A012E87AE7B003D4F39;
					};
				};
			};
			buildConfigurationList = 565A49FD2E87AE7B003D4F39 /* Build configuration list for PBXProject "MeagainstWho" */;
			developmentRegion = en;
			hasScannedForEncodings = 0;
			knownRegions = (
				en,
				Base,
			);
			mainGroup = 565A49F92E87AE7B003D4F39;
			minimizedProjectReferenceProxies = 1;
			preferredProjectObjectVersion = 77;
			productRefGroup = 565A4A032E87AE7B003D4F39 /* Products */;
			projectDirPath = "";
			projectRoot = "";
			targets = (
				565A4A012E87AE7B003D4F39 /* MeagainstWho */,
				565A4A122E87AE7D003D4F39 /* MeagainstWhoTests */,
				565A4A1C2E87AE7D003D4F39 /* MeagainstWhoUITests */,
			);
		};
/* End PBXProject section */

/* Begin PBXResourcesBuildPhase section */
		565A4A002E87AE7B003D4F39 /* Resources */ = {
			isa = PBXResourcesBuildPhase;
			buildActionMask = 2147483647;
			files = (
			);
			runOnlyForDeploymentPostprocessing = 0;
		};
		565A4A112E87AE7D003D4F39 /* Resources */ = {
			isa = PBXResourcesBuildPhase;
			buildActionMask = 2147483647;
			files = (
			);
			runOnlyForDeploymentPostprocessing = 0;
		};
		565A4A1B2E87AE7D003D4F39 /* Resources */ = {
			isa = PBXResourcesBuildPhase;
			buildActionMask = 2147483647;
			files = (
			);
			runOnlyForDeploymentPostprocessing = 0;
		};
/* End PBXResourcesBuildPhase section */

/* Begin PBXSourcesBuildPhase section */
		565A49FE2E87AE7B003D4F39 /* Sources */ = {
			isa = PBXSourcesBuildPhase;
			buildActionMask = 2147483647;
			files = (
			);
			runOnlyForDeploymentPostprocessing = 0;
		};
		565A4A0F2E87AE7D003D4F39 /* Sources */ = {
			isa = PBXSourcesBuildPhase;
			buildActionMask = 2147483647;
			files = (
			);
			runOnlyForDeploymentPostprocessing = 0;
		};
		565A4A192E87AE7D003D4F39 /* Sources */ = {
			isa = PBXSourcesBuildPhase;
			buildActionMask = 2147483647;
			files = (
			);
			runOnlyForDeploymentPostprocessing = 0;
		};
/* End PBXSourcesBuildPhase section */

/* Begin PBXTargetDependency section */
		565A4A152E87AE7D003D4F39 /* PBXTargetDependency */ = {
			isa = PBXTargetDependency;
			target = 565A4A012E87AE7B003D4F39 /* MeagainstWho */;
			targetProxy = 565A4A142E87AE7D003D4F39 /* PBXContainerItemProxy */;
		};
		565A4A1F2E87AE7D003D4F39 /* PBXTargetDependency */ = {
			isa = PBXTargetDependency;
			target = 565A4A012E87AE7B003D4F39 /* MeagainstWho */;
			targetProxy = 565A4A1E2E87AE7D003D4F39 /* PBXContainerItemProxy */;
		};
/* End PBXTargetDependency section */

/* Begin XCBuildConfiguration section */
		565A4A272E87AE7D003D4F39 /* Debug */ = {
			isa = XCBuildConfiguration;
			buildSettings = {
				ASSETCATALOG_COMPILER_APPICON_NAME = AppIcon;
				ASSETCATALOG_COMPILER_GLOBAL_ACCENT_COLOR_NAME = AccentColor;
				CODE_SIGN_ENTITLEMENTS = MeagainstWho/MeagainstWho.entitlements;
				CODE_SIGN_STYLE = Automatic;
				CURRENT_PROJECT_VERSION = 1;
				DEVELOPMENT_TEAM = AV9942UPXA;
				ENABLE_PREVIEWS = YES;
				GENERATE_INFOPLIST_FILE = YES;
				INFOPLIST_FILE = MeagainstWho/Info.plist;
				INFOPLIST_KEY_UIApplicationSceneManifest_Generation = YES;
				INFOPLIST_KEY_UIApplicationSupportsIndirectInputEvents = YES;
				INFOPLIST_KEY_UILaunchScreen_Generation = YES;
				INFOPLIST_KEY_UISupportedInterfaceOrientations_iPad = "UIInterfaceOrientationPortrait UIInterfaceOrientationPortraitUpsideDown UIInterfaceOrientationLandscapeLeft UIInterfaceOrientationLandscapeRight";
				INFOPLIST_KEY_UISupportedInterfaceOrientations_iPhone = "UIInterfaceOrientationPortrait UIInterfaceOrientationLandscapeLeft UIInterfaceOrientationLandscapeRight";
				LD_RUNPATH_SEARCH_PATHS = (
					"$(inherited)",
					"@executable_path/Frameworks",
				);
				MARKETING_VERSION = 1.0;
				PRODUCT_BUNDLE_IDENTIFIER = delios.MeagainstWho;
				PRODUCT_NAME = "$(TARGET_NAME)";
				STRING_CATALOG_GENERATE_SYMBOLS = YES;
				SWIFT_APPROACHABLE_CONCURRENCY = YES;
				SWIFT_DEFAULT_ACTOR_ISOLATION = MainActor;
				SWIFT_EMIT_LOC_STRINGS = YES;
				SWIFT_UPCOMING_FEATURE_MEMBER_IMPORT_VISIBILITY = YES;
				SWIFT_VERSION = 5.0;
				TARGETED_DEVICE_FAMILY = "1,2";
			};
			name = Debug;
		};
		565A4A282E87AE7D003D4F39 /* Release */ = {
			isa = XCBuildConfiguration;
			buildSettings = {
				ASSETCATALOG_COMPILER_APPICON_NAME = AppIcon;
				ASSETCATALOG_COMPILER_GLOBAL_ACCENT_COLOR_NAME = AccentColor;
				CODE_SIGN_ENTITLEMENTS = MeagainstWho/MeagainstWho.entitlements;
				CODE_SIGN_STYLE = Automatic;
				CURRENT_PROJECT_VERSION = 1;
				DEVELOPMENT_TEAM = AV9942UPXA;
				ENABLE_PREVIEWS = YES;
				GENERATE_INFOPLIST_FILE = YES;
				INFOPLIST_FILE = MeagainstWho/Info.plist;
				INFOPLIST_KEY_UIApplicationSceneManifest_Generation = YES;
				INFOPLIST_KEY_UIApplicationSupportsIndirectInputEvents = YES;
				INFOPLIST_KEY_UILaunchScreen_Generation = YES;
				INFOPLIST_KEY_UISupportedInterfaceOrientations_iPad = "UIInterfaceOrientationPortrait UIInterfaceOrientationPortraitUpsideDown UIInterfaceOrientationLandscapeLeft UIInterfaceOrientationLandscapeRight";
				INFOPLIST_KEY_UISupportedInterfaceOrientations_iPhone = "UIInterfaceOrientationPortrait UIInterfaceOrientationLandscapeLeft UIInterfaceOrientationLandscapeRight";
				LD_RUNPATH_SEARCH_PATHS = (
					"$(inherited)",
					"@executable_path/Frameworks",
				);
				MARKETING_VERSION = 1.0;
				PRODUCT_BUNDLE_IDENTIFIER = delios.MeagainstWho;
				PRODUCT_NAME = "$(TARGET_NAME)";
				STRING_CATALOG_GENERATE_SYMBOLS = YES;
				SWIFT_APPROACHABLE_CONCURRENCY = YES;
				SWIFT_DEFAULT_ACTOR_ISOLATION = MainActor;
				SWIFT_EMIT_LOC_STRINGS = YES;
				SWIFT_UPCOMING_FEATURE_MEMBER_IMPORT_VISIBILITY = YES;
				SWIFT_VERSION = 5.0;
				TARGETED_DEVICE_FAMILY = "1,2";
			};
			name = Release;
		};
		565A4A292E87AE7D003D4F39 /* Debug */ = {
			isa = XCBuildConfiguration;
			buildSettings = {
				ALWAYS_SEARCH_USER_PATHS = NO;
				ASSETCATALOG_COMPILER_GENERATE_SWIFT_ASSET_SYMBOL_EXTENSIONS = YES;
				CLANG_ANALYZER_NONNULL = YES;
				CLANG_ANALYZER_NUMBER_OBJECT_CONVERSION = YES_AGGRESSIVE;
				CLANG_CXX_LANGUAGE_STANDARD = "gnu++20";
				CLANG_ENABLE_MODULES = YES;
				CLANG_ENABLE_OBJC_ARC = YES;
				CLANG_ENABLE_OBJC_WEAK = YES;
				CLANG_WARN_BLOCK_CAPTURE_AUTORELEASING = YES;
				CLANG_WARN_BOOL_CONVERSION = YES;
				CLANG_WARN_COMMA = YES;
				CLANG_WARN_CONSTANT_CONVERSION = YES;
				CLANG_WARN_DEPRECATED_OBJC_IMPLEMENTATIONS = YES;
				CLANG_WARN_DIRECT_OBJC_ISA_USAGE = YES_ERROR;
				CLANG_WARN_DOCUMENTATION_COMMENTS = YES;
				CLANG_WARN_EMPTY_BODY = YES;
				CLANG_WARN_ENUM_CONVERSION = YES;
				CLANG_WARN_INFINITE_RECURSION = YES;
				CLANG_WARN_INT_CONVERSION = YES;
				CLANG_WARN_NON_LITERAL_NULL_CONVERSION = YES;
				CLANG_WARN_OBJC_IMPLICIT_RETAIN_SELF = YES;
				CLANG_WARN_OBJC_LITERAL_CONVERSION = YES;
				CLANG_WARN_OBJC_ROOT_CLASS = YES_ERROR;
				CLANG_WARN_QUOTED_INCLUDE_IN_FRAMEWORK_HEADER = YES;
				CLANG_WARN_RANGE_LOOP_ANALYSIS = YES;
				CLANG_WARN_STRICT_PROTOTYPES = YES;
				CLANG_WARN_SUSPICIOUS_MOVE = YES;
				CLANG_WARN_UNGUARDED_AVAILABILITY = YES_AGGRESSIVE;
				CLANG_WARN_UNREACHABLE_CODE = YES;
				CLANG_WARN__DUPLICATE_METHOD_MATCH = YES;
				COPY_PHASE_STRIP = NO;
				DEBUG_INFORMATION_FORMAT = dwarf;
				DEVELOPMENT_TEAM = AV9942UPXA;
				ENABLE_STRICT_OBJC_MSGSEND = YES;
				ENABLE_TESTABILITY = YES;
				ENABLE_USER_SCRIPT_SANDBOXING = YES;
				GCC_C_LANGUAGE_STANDARD = gnu17;
				GCC_DYNAMIC_NO_PIC = NO;
				GCC_NO_COMMON_BLOCKS = YES;
				GCC_OPTIMIZATION_LEVEL = 0;
				GCC_PREPROCESSOR_DEFINITIONS = (
					"DEBUG=1",
					"$(inherited)",
				);
				GCC_WARN_64_TO_32_BIT_CONVERSION = YES;
				GCC_WARN_ABOUT_RETURN_TYPE = YES_ERROR;
				GCC_WARN_UNDECLARED_SELECTOR = YES;
				GCC_WARN_UNINITIALIZED_AUTOS = YES_AGGRESSIVE;
				GCC_WARN_UNUSED_FUNCTION = YES;
				GCC_WARN_UNUSED_VARIABLE = YES;
				IPHONEOS_DEPLOYMENT_TARGET = 26.0;
				LOCALIZATION_PREFERS_STRING_CATALOGS = YES;
				MTL_ENABLE_DEBUG_INFO = INCLUDE_SOURCE;
				MTL_FAST_MATH = YES;
				ONLY_ACTIVE_ARCH = YES;
				SDKROOT = iphoneos;
				SWIFT_ACTIVE_COMPILATION_CONDITIONS = "DEBUG $(inherited)";
				SWIFT_OPTIMIZATION_LEVEL = "-Onone";
			};
			name = Debug;
		};
		565A4A2A2E87AE7D003D4F39 /* Release */ = {
			isa = XCBuildConfiguration;
			buildSettings = {
				ALWAYS_SEARCH_USER_PATHS = NO;
				ASSETCATALOG_COMPILER_GENERATE_SWIFT_ASSET_SYMBOL_EXTENSIONS = YES;
				CLANG_ANALYZER_NONNULL = YES;
				CLANG_ANALYZER_NUMBER_OBJECT_CONVERSION = YES_AGGRESSIVE;
				CLANG_CXX_LANGUAGE_STANDARD = "gnu++20";
				CLANG_ENABLE_MODULES = YES;
				CLANG_ENABLE_OBJC_ARC = YES;
				CLANG_ENABLE_OBJC_WEAK = YES;
				CLANG_WARN_BLOCK_CAPTURE_AUTORELEASING = YES;
				CLANG_WARN_BOOL_CONVERSION = YES;
				CLANG_WARN_COMMA = YES;
				CLANG_WARN_CONSTANT_CONVERSION = YES;
				CLANG_WARN_DEPRECATED_OBJC_IMPLEMENTATIONS = YES;
				CLANG_WARN_DIRECT_OBJC_ISA_USAGE = YES_ERROR;
				CLANG_WARN_DOCUMENTATION_COMMENTS = YES;
				CLANG_WARN_EMPTY_BODY = YES;
				CLANG_WARN_ENUM_CONVERSION = YES;
				CLANG_WARN_INFINITE_RECURSION = YES;
				CLANG_WARN_INT_CONVERSION = YES;
				CLANG_WARN_NON_LITERAL_NULL_CONVERSION = YES;
				CLANG_WARN_OBJC_IMPLICIT_RETAIN_SELF = YES;
				CLANG_WARN_OBJC_LITERAL_CONVERSION = YES;
				CLANG_WARN_OBJC_ROOT_CLASS = YES_ERROR;
				CLANG_WARN_QUOTED_INCLUDE_IN_FRAMEWORK_HEADER = YES;
				CLANG_WARN_RANGE_LOOP_ANALYSIS = YES;
				CLANG_WARN_STRICT_PROTOTYPES = YES;
				CLANG_WARN_SUSPICIOUS_MOVE = YES;
				CLANG_WARN_UNGUARDED_AVAILABILITY = YES_AGGRESSIVE;
				CLANG_WARN_UNREACHABLE_CODE = YES;
				CLANG_WARN__DUPLICATE_METHOD_MATCH = YES;
				COPY_PHASE_STRIP = NO;
				DEBUG_INFORMATION_FORMAT = "dwarf-with-dsym";
				DEVELOPMENT_TEAM = AV9942UPXA;
				ENABLE_NS_ASSERTIONS = NO;
				ENABLE_STRICT_OBJC_MSGSEND = YES;
				ENABLE_USER_SCRIPT_SANDBOXING = YES;
				GCC_C_LANGUAGE_STANDARD = gnu17;
				GCC_NO_COMMON_BLOCKS = YES;
				GCC_WARN_64_TO_32_BIT_CONVERSION = YES;
				GCC_WARN_ABOUT_RETURN_TYPE = YES_ERROR;
				GCC_WARN_UNDECLARED_SELECTOR = YES;
				GCC_WARN_UNINITIALIZED_AUTOS = YES_AGGRESSIVE;
				GCC_WARN_UNUSED_FUNCTION = YES;
				GCC_WARN_UNUSED_VARIABLE = YES;
				IPHONEOS_DEPLOYMENT_TARGET = 26.0;
				LOCALIZATION_PREFERS_STRING_CATALOGS = YES;
				MTL_ENABLE_DEBUG_INFO = NO;
				MTL_FAST_MATH = YES;
				SDKROOT = iphoneos;
				SWIFT_COMPILATION_MODE = wholemodule;
				VALIDATE_PRODUCT = YES;
			};
			name = Release;
		};
		565A4A2C2E87AE7D003D4F39 /* Debug */ = {
			isa = XCBuildConfiguration;
			buildSettings = {
				BUNDLE_LOADER = "$(TEST_HOST)";
				CODE_SIGN_STYLE = Automatic;
				CURRENT_PROJECT_VERSION = 1;
				DEVELOPMENT_TEAM = AV9942UPXA;
				GENERATE_INFOPLIST_FILE = YES;
				IPHONEOS_DEPLOYMENT_TARGET = 26.0;
				MARKETING_VERSION = 1.0;
				PRODUCT_BUNDLE_IDENTIFIER = delios.MeagainstWhoTests;
				PRODUCT_NAME = "$(TARGET_NAME)";
				STRING_CATALOG_GENERATE_SYMBOLS = NO;
				SWIFT_APPROACHABLE_CONCURRENCY = YES;
				SWIFT_EMIT_LOC_STRINGS = NO;
				SWIFT_UPCOMING_FEATURE_MEMBER_IMPORT_VISIBILITY = YES;
				SWIFT_VERSION = 5.0;
				TARGETED_DEVICE_FAMILY = "1,2";
				TEST_HOST = "$(BUILT_PRODUCTS_DIR)/MeagainstWho.app/$(BUNDLE_EXECUTABLE_FOLDER_PATH)/MeagainstWho";
			};
			name = Debug;
		};
		565A4A2D2E87AE7D003D4F39 /* Release */ = {
			isa = XCBuildConfiguration;
			buildSettings = {
				BUNDLE_LOADER = "$(TEST_HOST)";
				CODE_SIGN_STYLE = Automatic;
				CURRENT_PROJECT_VERSION = 1;
				DEVELOPMENT_TEAM = AV9942UPXA;
				GENERATE_INFOPLIST_FILE = YES;
				IPHONEOS_DEPLOYMENT_TARGET = 26.0;
				MARKETING_VERSION = 1.0;
				PRODUCT_BUNDLE_IDENTIFIER = delios.MeagainstWhoTests;
				PRODUCT_NAME = "$(TARGET_NAME)";
				STRING_CATALOG_GENERATE_SYMBOLS = NO;
				SWIFT_APPROACHABLE_CONCURRENCY = YES;
				SWIFT_EMIT_LOC_STRINGS = NO;
				SWIFT_UPCOMING_FEATURE_MEMBER_IMPORT_VISIBILITY = YES;
				SWIFT_VERSION = 5.0;
				TARGETED_DEVICE_FAMILY = "1,2";
				TEST_HOST = "$(BUILT_PRODUCTS_DIR)/MeagainstWho.app/$(BUNDLE_EXECUTABLE_FOLDER_PATH)/MeagainstWho";
			};
			name = Release;
		};
		565A4A2F2E87AE7D003D4F39 /* Debug */ = {
			isa = XCBuildConfiguration;
			buildSettings = {
				CODE_SIGN_STYLE = Automatic;
				CURRENT_PROJECT_VERSION = 1;
				DEVELOPMENT_TEAM = AV9942UPXA;
				GENERATE_INFOPLIST_FILE = YES;
				MARKETING_VERSION = 1.0;
				PRODUCT_BUNDLE_IDENTIFIER = delios.MeagainstWhoUITests;
				PRODUCT_NAME = "$(TARGET_NAME)";
				STRING_CATALOG_GENERATE_SYMBOLS = NO;
				SWIFT_APPROACHABLE_CONCURRENCY = YES;
				SWIFT_EMIT_LOC_STRINGS = NO;
				SWIFT_UPCOMING_FEATURE_MEMBER_IMPORT_VISIBILITY = YES;
				SWIFT_VERSION = 5.0;
				TARGETED_DEVICE_FAMILY = "1,2";
				TEST_TARGET_NAME = MeagainstWho;
			};
			name = Debug;
		};
		565A4A302E87AE7D003D4F39 /* Release */ = {
			isa = XCBuildConfiguration;
			buildSettings = {
				CODE_SIGN_STYLE = Automatic;
				CURRENT_PROJECT_VERSION = 1;
				DEVELOPMENT_TEAM = AV9942UPXA;
				GENERATE_INFOPLIST_FILE = YES;
				MARKETING_VERSION = 1.0;
				PRODUCT_BUNDLE_IDENTIFIER = delios.MeagainstWhoUITests;
				PRODUCT_NAME = "$(TARGET_NAME)";
				STRING_CATALOG_GENERATE_SYMBOLS = NO;
				SWIFT_APPROACHABLE_CONCURRENCY = YES;
				SWIFT_EMIT_LOC_STRINGS = NO;
				SWIFT_UPCOMING_FEATURE_MEMBER_IMPORT_VISIBILITY = YES;
				SWIFT_VERSION = 5.0;
				TARGETED_DEVICE_FAMILY = "1,2";
				TEST_TARGET_NAME = MeagainstWho;
			};
			name = Release;
		};
/* End XCBuildConfiguration section */

/* Begin XCConfigurationList section */
		565A49FD2E87AE7B003D4F39 /* Build configuration list for PBXProject "MeagainstWho" */ = {
			isa = XCConfigurationList;
			buildConfigurations = (
				565A4A292E87AE7D003D4F39 /* Debug */,
				565A4A2A2E87AE7D003D4F39 /* Release */,
			);
			defaultConfigurationIsVisible = 0;
			defaultConfigurationName = Release;
		};
		565A4A262E87AE7D003D4F39 /* Build configuration list for PBXNativeTarget "MeagainstWho" */ = {
			isa = XCConfigurationList;
			buildConfigurations = (
				565A4A272E87AE7D003D4F39 /* Debug */,
				565A4A282E87AE7D003D4F39 /* Release */,
			);
			defaultConfigurationIsVisible = 0;
			defaultConfigurationName = Release;
		};
		565A4A2B2E87AE7D003D4F39 /* Build configuration list for PBXNativeTarget "MeagainstWhoTests" */ = {
			isa = XCConfigurationList;
			buildConfigurations = (
				565A4A2C2E87AE7D003D4F39 /* Debug */,
				565A4A2D2E87AE7D003D4F39 /* Release */,
			);
			defaultConfigurationIsVisible = 0;
			defaultConfigurationName = Release;
		};
		565A4A2E2E87AE7D003D4F39 /* Build configuration list for PBXNativeTarget "MeagainstWhoUITests" */ = {
			isa = XCConfigurationList;
			buildConfigurations = (
				565A4A2F2E87AE7D003D4F39 /* Debug */,
				565A4A302E87AE7D003D4F39 /* Release */,
			);
			defaultConfigurationIsVisible = 0;
			defaultConfigurationName = Release;
		};
/* End XCConfigurationList section */
	};
	rootObject = 565A49FA2E87AE7B003D4F39 /* Project object */;
}
